// !$*UTF8*$!
{
	archiveVersion = 1;
	classes = {
	};
	objectVersion = 50;
	objects = {

/* Begin PBXBuildFile section */
		8348256B24EAFB7F00E61A32 /* Exercises.mlmodel in Sources */ = {isa = PBXBuildFile; fileRef = 8348256A24EAFB7F00E61A32 /* Exercises.mlmodel */; };
		83540D9F24ED08C700EBA283 /* VideoView.swift in Sources */ = {isa = PBXBuildFile; fileRef = 83540D9E24ED08C700EBA283 /* VideoView.swift */; };
		83540DAA24ED133300EBA283 /* ProgressBar.xib in Resources */ = {isa = PBXBuildFile; fileRef = 83540DA224ED133300EBA283 /* ProgressBar.xib */; };
		83540DAE24ED133300EBA283 /* ProgressBar.swift in Sources */ = {isa = PBXBuildFile; fileRef = 83540DA624ED133300EBA283 /* ProgressBar.swift */; };
		8391C3F124E5DD6400399449 /* AnimatedTransitioning.swift in Sources */ = {isa = PBXBuildFile; fileRef = 8391C3EF24E5DD6300399449 /* AnimatedTransitioning.swift */; };
		8391C3F224E5DD6400399449 /* BodyOverlayView.swift in Sources */ = {isa = PBXBuildFile; fileRef = 8391C3F024E5DD6400399449 /* BodyOverlayView.swift */; };
		8391C3F424E5DD9000399449 /* Common.swift in Sources */ = {isa = PBXBuildFile; fileRef = 8391C3F324E5DD9000399449 /* Common.swift */; };
		8391C3F824E5E7E900399449 /* CameraController.swift in Sources */ = {isa = PBXBuildFile; fileRef = 8391C3F724E5E7E900399449 /* CameraController.swift */; };
		8394474424E2A7EE00570D62 /* AppDelegate.swift in Sources */ = {isa = PBXBuildFile; fileRef = 8394474324E2A7EE00570D62 /* AppDelegate.swift */; };
		8394474624E2A7EE00570D62 /* SceneDelegate.swift in Sources */ = {isa = PBXBuildFile; fileRef = 8394474524E2A7EE00570D62 /* SceneDelegate.swift */; };
		8394474824E2A7EE00570D62 /* ExerciseViewController.swift in Sources */ = {isa = PBXBuildFile; fileRef = 8394474724E2A7EE00570D62 /* ExerciseViewController.swift */; };
		8394474B24E2A7EE00570D62 /* Main.storyboard in Resources */ = {isa = PBXBuildFile; fileRef = 8394474924E2A7EE00570D62 /* Main.storyboard */; };
		8394474D24E2A7EF00570D62 /* Assets.xcassets in Resources */ = {isa = PBXBuildFile; fileRef = 8394474C24E2A7EF00570D62 /* Assets.xcassets */; };
		8394475024E2A7EF00570D62 /* LaunchScreen.storyboard in Resources */ = {isa = PBXBuildFile; fileRef = 8394474E24E2A7EF00570D62 /* LaunchScreen.storyboard */; };
		83A2488724E2E88B00E4E86C /* squat.mov in Resources */ = {isa = PBXBuildFile; fileRef = 83A2488524E2E88B00E4E86C /* squat.mov */; };
		83A2488824E2E88B00E4E86C /* resting.mov in Resources */ = {isa = PBXBuildFile; fileRef = 83A2488624E2E88B00E4E86C /* resting.mov */; };
		83A833E124ED38AC0082A441 /* SpeachController.swift in Sources */ = {isa = PBXBuildFile; fileRef = 83A833E024ED38AC0082A441 /* SpeachController.swift */; };
		83D79AB924E42C5F009F3334 /* Predictor.swift in Sources */ = {isa = PBXBuildFile; fileRef = 83D79AB824E42C5F009F3334 /* Predictor.swift */; };
/* End PBXBuildFile section */

/* Begin PBXFileReference section */
		8348256A24EAFB7F00E61A32 /* Exercises.mlmodel */ = {isa = PBXFileReference; lastKnownFileType = file.mlmodel; path = Exercises.mlmodel; sourceTree = "<group>"; };
		83540D9E24ED08C700EBA283 /* VideoView.swift */ = {isa = PBXFileReference; lastKnownFileType = sourcecode.swift; path = VideoView.swift; sourceTree = "<group>"; };
		83540DA224ED133300EBA283 /* ProgressBar.xib */ = {isa = PBXFileReference; fileEncoding = 4; lastKnownFileType = file.xib; path = ProgressBar.xib; sourceTree = "<group>"; };
		83540DA624ED133300EBA283 /* ProgressBar.swift */ = {isa = PBXFileReference; fileEncoding = 4; lastKnownFileType = sourcecode.swift; path = ProgressBar.swift; sourceTree = "<group>"; };
		8391C3EF24E5DD6300399449 /* AnimatedTransitioning.swift */ = {isa = PBXFileReference; fileEncoding = 4; lastKnownFileType = sourcecode.swift; path = AnimatedTransitioning.swift; sourceTree = "<group>"; };
		8391C3F024E5DD6400399449 /* BodyOverlayView.swift */ = {isa = PBXFileReference; fileEncoding = 4; lastKnownFileType = sourcecode.swift; path = BodyOverlayView.swift; sourceTree = "<group>"; };
		8391C3F324E5DD9000399449 /* Common.swift */ = {isa = PBXFileReference; fileEncoding = 4; lastKnownFileType = sourcecode.swift; path = Common.swift; sourceTree = "<group>"; };
		8391C3F724E5E7E900399449 /* CameraController.swift */ = {isa = PBXFileReference; lastKnownFileType = sourcecode.swift; path = CameraController.swift; sourceTree = "<group>"; };
		8394474024E2A7EE00570D62 /* Home Exercise - AI Powered.app */ = {isa = PBXFileReference; explicitFileType = wrapper.application; includeInIndex = 0; path = "Home Exercise - AI Powered.app"; sourceTree = BUILT_PRODUCTS_DIR; };
		8394474324E2A7EE00570D62 /* AppDelegate.swift */ = {isa = PBXFileReference; lastKnownFileType = sourcecode.swift; path = AppDelegate.swift; sourceTree = "<group>"; };
		8394474524E2A7EE00570D62 /* SceneDelegate.swift */ = {isa = PBXFileReference; lastKnownFileType = sourcecode.swift; path = SceneDelegate.swift; sourceTree = "<group>"; };
		8394474724E2A7EE00570D62 /* ExerciseViewController.swift */ = {isa = PBXFileReference; lastKnownFileType = sourcecode.swift; path = ExerciseViewController.swift; sourceTree = "<group>"; };
		8394474A24E2A7EE00570D62 /* Base */ = {isa = PBXFileReference; lastKnownFileType = file.storyboard; name = Base; path = Base.lproj/Main.storyboard; sourceTree = "<group>"; };
		8394474C24E2A7EF00570D62 /* Assets.xcassets */ = {isa = PBXFileReference; lastKnownFileType = folder.assetcatalog; path = Assets.xcassets; sourceTree = "<group>"; };
		8394474F24E2A7EF00570D62 /* Base */ = {isa = PBXFileReference; lastKnownFileType = file.storyboard; name = Base; path = Base.lproj/LaunchScreen.storyboard; sourceTree = "<group>"; };
		8394475124E2A7EF00570D62 /* Info.plist */ = {isa = PBXFileReference; lastKnownFileType = text.plist.xml; path = Info.plist; sourceTree = "<group>"; };
		83A2488524E2E88B00E4E86C /* squat.mov */ = {isa = PBXFileReference; lastKnownFileType = video.quicktime; path = squat.mov; sourceTree = "<group>"; };
		83A2488624E2E88B00E4E86C /* resting.mov */ = {isa = PBXFileReference; lastKnownFileType = video.quicktime; path = resting.mov; sourceTree = "<group>"; };
		83A833E024ED38AC0082A441 /* SpeachController.swift */ = {isa = PBXFileReference; lastKnownFileType = sourcecode.swift; path = SpeachController.swift; sourceTree = "<group>"; };
		83D79AB824E42C5F009F3334 /* Predictor.swift */ = {isa = PBXFileReference; lastKnownFileType = sourcecode.swift; path = Predictor.swift; sourceTree = "<group>"; };
/* End PBXFileReference section */

/* Begin PBXFrameworksBuildPhase section */
		8394473D24E2A7EE00570D62 /* Frameworks */ = {
			isa = PBXFrameworksBuildPhase;
			buildActionMask = 2147483647;
			files = (
			);
			runOnlyForDeploymentPostprocessing = 0;
		};
/* End PBXFrameworksBuildPhase section */

/* Begin PBXGroup section */
		83540DA024ED0FDA00EBA283 /* DataModels */ = {
			isa = PBXGroup;
			children = (
				8391C3F324E5DD9000399449 /* Common.swift */,
			);
			path = DataModels;
			sourceTree = "<group>";
		};
		83540DA124ED133300EBA283 /* ProgressBar */ = {
			isa = PBXGroup;
			children = (
				83540DA224ED133300EBA283 /* ProgressBar.xib */,
				83540DA624ED133300EBA283 /* ProgressBar.swift */,
			);
			path = ProgressBar;
			sourceTree = "<group>";
		};
		8391C3EE24E5DD4C00399449 /* Views */ = {
			isa = PBXGroup;
			children = (
				83540DA124ED133300EBA283 /* ProgressBar */,
				8391C3EF24E5DD6300399449 /* AnimatedTransitioning.swift */,
				8391C3F024E5DD6400399449 /* BodyOverlayView.swift */,
				83540D9E24ED08C700EBA283 /* VideoView.swift */,
			);
			path = Views;
			sourceTree = "<group>";
		};
		8394473724E2A7EE00570D62 = {
			isa = PBXGroup;
			children = (
				8394474224E2A7EE00570D62 /* Home Exercise - AI Powered */,
				8394474124E2A7EE00570D62 /* Products */,
			);
			sourceTree = "<group>";
		};
		8394474124E2A7EE00570D62 /* Products */ = {
			isa = PBXGroup;
			children = (
				8394474024E2A7EE00570D62 /* Home Exercise - AI Powered.app */,
			);
			name = Products;
			sourceTree = "<group>";
		};
		8394474224E2A7EE00570D62 /* Home Exercise - AI Powered */ = {
			isa = PBXGroup;
			children = (
				8394474324E2A7EE00570D62 /* AppDelegate.swift */,
				8394474524E2A7EE00570D62 /* SceneDelegate.swift */,
				83A833E224ED43140082A441 /* Controller */,
				83540DA024ED0FDA00EBA283 /* DataModels */,
				8391C3EE24E5DD4C00399449 /* Views */,
				83D79AB324E42B4E009F3334 /* ModelPredictor */,
				8394474924E2A7EE00570D62 /* Main.storyboard */,
				8394474C24E2A7EF00570D62 /* Assets.xcassets */,
				83A2488024E2E7A700E4E86C /* Video */,
				8394474E24E2A7EF00570D62 /* LaunchScreen.storyboard */,
				8394475124E2A7EF00570D62 /* Info.plist */,
			);
			path = "Home Exercise - AI Powered";
			sourceTree = "<group>";
		};
		83A2488024E2E7A700E4E86C /* Video */ = {
			isa = PBXGroup;
			children = (
				83A2488624E2E88B00E4E86C /* resting.mov */,
				83A2488524E2E88B00E4E86C /* squat.mov */,
			);
			path = Video;
			sourceTree = "<group>";
		};
		83A833E224ED43140082A441 /* Controller */ = {
			isa = PBXGroup;
			children = (
				83A833E024ED38AC0082A441 /* SpeachController.swift */,
				8391C3F724E5E7E900399449 /* CameraController.swift */,
				8394474724E2A7EE00570D62 /* ExerciseViewController.swift */,
			);
			path = Controller;
			sourceTree = "<group>";
		};
		83D79AB324E42B4E009F3334 /* ModelPredictor */ = {
			isa = PBXGroup;
			children = (
				8348256A24EAFB7F00E61A32 /* Exercises.mlmodel */,
				83D79AB824E42C5F009F3334 /* Predictor.swift */,
			);
			path = ModelPredictor;
			sourceTree = "<group>";
		};
/* End PBXGroup section */

/* Begin PBXNativeTarget section */
		8394473F24E2A7EE00570D62 /* Home Exercise - AI Powered */ = {
			isa = PBXNativeTarget;
			buildConfigurationList = 8394475424E2A7EF00570D62 /* Build configuration list for PBXNativeTarget "Home Exercise - AI Powered" */;
			buildPhases = (
				8394473C24E2A7EE00570D62 /* Sources */,
				8394473D24E2A7EE00570D62 /* Frameworks */,
				8394473E24E2A7EE00570D62 /* Resources */,
			);
			buildRules = (
			);
			dependencies = (
			);
			name = "Home Exercise - AI Powered";
			productName = "Home Exercise - AI Powered";
			productReference = 8394474024E2A7EE00570D62 /* Home Exercise - AI Powered.app */;
			productType = "com.apple.product-type.application";
		};
/* End PBXNativeTarget section */

/* Begin PBXProject section */
		8394473824E2A7EE00570D62 /* Project object */ = {
			isa = PBXProject;
			attributes = {
				LastSwiftUpdateCheck = 1200;
				LastUpgradeCheck = 1200;
				TargetAttributes = {
					8394473F24E2A7EE00570D62 = {
						CreatedOnToolsVersion = 12.0;
					};
				};
			};
			buildConfigurationList = 8394473B24E2A7EE00570D62 /* Build configuration list for PBXProject "Home Exercise - AI Powered" */;
			compatibilityVersion = "Xcode 9.3";
			developmentRegion = en;
			hasScannedForEncodings = 0;
			knownRegions = (
				en,
				Base,
			);
			mainGroup = 8394473724E2A7EE00570D62;
			productRefGroup = 8394474124E2A7EE00570D62 /* Products */;
			projectDirPath = "";
			projectRoot = "";
			targets = (
				8394473F24E2A7EE00570D62 /* Home Exercise - AI Powered */,
			);
		};
/* End PBXProject section */

/* Begin PBXResourcesBuildPhase section */
		8394473E24E2A7EE00570D62 /* Resources */ = {
			isa = PBXResourcesBuildPhase;
			buildActionMask = 2147483647;
			files = (
				8394475024E2A7EF00570D62 /* LaunchScreen.storyboard in Resources */,
				8394474D24E2A7EF00570D62 /* Assets.xcassets in Resources */,
				83540DAA24ED133300EBA283 /* ProgressBar.xib in Resources */,
				8394474B24E2A7EE00570D62 /* Main.storyboard in Resources */,
				83A2488824E2E88B00E4E86C /* resting.mov in Resources */,
				83A2488724E2E88B00E4E86C /* squat.mov in Resources */,
			);
			runOnlyForDeploymentPostprocessing = 0;
		};
/* End PBXResourcesBuildPhase section */

/* Begin PBXSourcesBuildPhase section */
		8394473C24E2A7EE00570D62 /* Sources */ = {
			isa = PBXSourcesBuildPhase;
			buildActionMask = 2147483647;
			files = (
				8391C3F424E5DD9000399449 /* Common.swift in Sources */,
				83A833E124ED38AC0082A441 /* SpeachController.swift in Sources */,
				83540DAE24ED133300EBA283 /* ProgressBar.swift in Sources */,
				8394474824E2A7EE00570D62 /* ExerciseViewController.swift in Sources */,
				8391C3F224E5DD6400399449 /* BodyOverlayView.swift in Sources */,
				8391C3F124E5DD6400399449 /* AnimatedTransitioning.swift in Sources */,
				8348256B24EAFB7F00E61A32 /* Exercises.mlmodel in Sources */,
				8394474424E2A7EE00570D62 /* AppDelegate.swift in Sources */,
				83540D9F24ED08C700EBA283 /* VideoView.swift in Sources */,
				8394474624E2A7EE00570D62 /* SceneDelegate.swift in Sources */,
				83D79AB924E42C5F009F3334 /* Predictor.swift in Sources */,
				8391C3F824E5E7E900399449 /* CameraController.swift in Sources */,
			);
			runOnlyForDeploymentPostprocessing = 0;
		};
/* End PBXSourcesBuildPhase section */

/* Begin PBXVariantGroup section */
		8394474924E2A7EE00570D62 /* Main.storyboard */ = {
			isa = PBXVariantGroup;
			children = (
				8394474A24E2A7EE00570D62 /* Base */,
			);
			name = Main.storyboard;
			sourceTree = "<group>";
		};
		8394474E24E2A7EF00570D62 /* LaunchScreen.storyboard */ = {
			isa = PBXVariantGroup;
			children = (
				8394474F24E2A7EF00570D62 /* Base */,
			);
			name = LaunchScreen.storyboard;
			sourceTree = "<group>";
		};
/* End PBXVariantGroup section */

/* Begin XCBuildConfiguration section */
		8394475224E2A7EF00570D62 /* Debug */ = {
			isa = XCBuildConfiguration;
			buildSettings = {
				ALWAYS_SEARCH_USER_PATHS = NO;
				CLANG_ANALYZER_NONNULL = YES;
				CLANG_ANALYZER_NUMBER_OBJECT_CONVERSION = YES_AGGRESSIVE;
				CLANG_CXX_LANGUAGE_STANDARD = "gnu++14";
				CLANG_CXX_LIBRARY = "libc++";
				CLANG_ENABLE_MODULES = YES;
				CLANG_ENABLE_OBJC_ARC = YES;
				CLANG_ENABLE_OBJC_WEAK = YES;
				CLANG_WARN_BLOCK_CAPTURE_AUTORELEASING = YES;
				CLANG_WARN_BOOL_CONVERSION = YES;
				CLANG_WARN_COMMA = YES;
				CLANG_WARN_CONSTANT_CONVERSION = YES;
				CLANG_WARN_DEPRECATED_OBJC_IMPLEMENTATIONS = YES;
				CLANG_WARN_DIRECT_OBJC_ISA_USAGE = YES_ERROR;
				CLANG_WARN_DOCUMENTATION_COMMENTS = YES;
				CLANG_WARN_EMPTY_BODY = YES;
				CLANG_WARN_ENUM_CONVERSION = YES;
				CLANG_WARN_INFINITE_RECURSION = YES;
				CLANG_WARN_INT_CONVERSION = YES;
				CLANG_WARN_NON_LITERAL_NULL_CONVERSION = YES;
				CLANG_WARN_OBJC_IMPLICIT_RETAIN_SELF = YES;
				CLANG_WARN_OBJC_LITERAL_CONVERSION = YES;
				CLANG_WARN_OBJC_ROOT_CLASS = YES_ERROR;
				CLANG_WARN_QUOTED_INCLUDE_IN_FRAMEWORK_HEADER = YES;
				CLANG_WARN_RANGE_LOOP_ANALYSIS = YES;
				CLANG_WARN_STRICT_PROTOTYPES = YES;
				CLANG_WARN_SUSPICIOUS_MOVE = YES;
				CLANG_WARN_UNGUARDED_AVAILABILITY = YES_AGGRESSIVE;
				CLANG_WARN_UNREACHABLE_CODE = YES;
				CLANG_WARN__DUPLICATE_METHOD_MATCH = YES;
				COPY_PHASE_STRIP = NO;
				DEBUG_INFORMATION_FORMAT = dwarf;
				ENABLE_STRICT_OBJC_MSGSEND = YES;
				ENABLE_TESTABILITY = YES;
				GCC_C_LANGUAGE_STANDARD = gnu11;
				GCC_DYNAMIC_NO_PIC = NO;
				GCC_NO_COMMON_BLOCKS = YES;
				GCC_OPTIMIZATION_LEVEL = 0;
				GCC_PREPROCESSOR_DEFINITIONS = (
					"DEBUG=1",
					"$(inherited)",
				);
				GCC_WARN_64_TO_32_BIT_CONVERSION = YES;
				GCC_WARN_ABOUT_RETURN_TYPE = YES_ERROR;
				GCC_WARN_UNDECLARED_SELECTOR = YES;
				GCC_WARN_UNINITIALIZED_AUTOS = YES_AGGRESSIVE;
				GCC_WARN_UNUSED_FUNCTION = YES;
				GCC_WARN_UNUSED_VARIABLE = YES;
				IPHONEOS_DEPLOYMENT_TARGET = 14.0;
				MTL_ENABLE_DEBUG_INFO = INCLUDE_SOURCE;
				MTL_FAST_MATH = YES;
				ONLY_ACTIVE_ARCH = YES;
				SDKROOT = iphoneos;
				SWIFT_ACTIVE_COMPILATION_CONDITIONS = DEBUG;
				SWIFT_OPTIMIZATION_LEVEL = "-Onone";
			};
			name = Debug;
		};
		8394475324E2A7EF00570D62 /* Release */ = {
			isa = XCBuildConfiguration;
			buildSettings = {
				ALWAYS_SEARCH_USER_PATHS = NO;
				CLANG_ANALYZER_NONNULL = YES;
				CLANG_ANALYZER_NUMBER_OBJECT_CONVERSION = YES_AGGRESSIVE;
				CLANG_CXX_LANGUAGE_STANDARD = "gnu++14";
				CLANG_CXX_LIBRARY = "libc++";
				CLANG_ENABLE_MODULES = YES;
				CLANG_ENABLE_OBJC_ARC = YES;
				CLANG_ENABLE_OBJC_WEAK = YES;
				CLANG_WARN_BLOCK_CAPTURE_AUTORELEASING = YES;
				CLANG_WARN_BOOL_CONVERSION = YES;
				CLANG_WARN_COMMA = YES;
				CLANG_WARN_CONSTANT_CONVERSION = YES;
				CLANG_WARN_DEPRECATED_OBJC_IMPLEMENTATIONS = YES;
				CLANG_WARN_DIRECT_OBJC_ISA_USAGE = YES_ERROR;
				CLANG_WARN_DOCUMENTATION_COMMENTS = YES;
				CLANG_WARN_EMPTY_BODY = YES;
				CLANG_WARN_ENUM_CONVERSION = YES;
				CLANG_WARN_INFINITE_RECURSION = YES;
				CLANG_WARN_INT_CONVERSION = YES;
				CLANG_WARN_NON_LITERAL_NULL_CONVERSION = YES;
				CLANG_WARN_OBJC_IMPLICIT_RETAIN_SELF = YES;
				CLANG_WARN_OBJC_LITERAL_CONVERSION = YES;
				CLANG_WARN_OBJC_ROOT_CLASS = YES_ERROR;
				CLANG_WARN_QUOTED_INCLUDE_IN_FRAMEWORK_HEADER = YES;
				CLANG_WARN_RANGE_LOOP_ANALYSIS = YES;
				CLANG_WARN_STRICT_PROTOTYPES = YES;
				CLANG_WARN_SUSPICIOUS_MOVE = YES;
				CLANG_WARN_UNGUARDED_AVAILABILITY = YES_AGGRESSIVE;
				CLANG_WARN_UNREACHABLE_CODE = YES;
				CLANG_WARN__DUPLICATE_METHOD_MATCH = YES;
				COPY_PHASE_STRIP = NO;
				DEBUG_INFORMATION_FORMAT = "dwarf-with-dsym";
				ENABLE_NS_ASSERTIONS = NO;
				ENABLE_STRICT_OBJC_MSGSEND = YES;
				GCC_C_LANGUAGE_STANDARD = gnu11;
				GCC_NO_COMMON_BLOCKS = YES;
				GCC_WARN_64_TO_32_BIT_CONVERSION = YES;
				GCC_WARN_ABOUT_RETURN_TYPE = YES_ERROR;
				GCC_WARN_UNDECLARED_SELECTOR = YES;
				GCC_WARN_UNINITIALIZED_AUTOS = YES_AGGRESSIVE;
				GCC_WARN_UNUSED_FUNCTION = YES;
				GCC_WARN_UNUSED_VARIABLE = YES;
				IPHONEOS_DEPLOYMENT_TARGET = 14.0;
				MTL_ENABLE_DEBUG_INFO = NO;
				MTL_FAST_MATH = YES;
				SDKROOT = iphoneos;
				SWIFT_COMPILATION_MODE = wholemodule;
				SWIFT_OPTIMIZATION_LEVEL = "-O";
				VALIDATE_PRODUCT = YES;
			};
			name = Release;
		};
		8394475524E2A7EF00570D62 /* Debug */ = {
			isa = XCBuildConfiguration;
			buildSettings = {
				ASSETCATALOG_COMPILER_APPICON_NAME = AppIcon;
				ASSETCATALOG_COMPILER_GLOBAL_ACCENT_COLOR_NAME = AccentColor;
				CODE_SIGN_STYLE = Automatic;
				DEVELOPMENT_TEAM = UM6N64B787;
				INFOPLIST_FILE = "Home Exercise - AI Powered/Info.plist";
				LD_RUNPATH_SEARCH_PATHS = (
					"$(inherited)",
					"@executable_path/Frameworks",
				);
				PRODUCT_BUNDLE_IDENTIFIER = "com.artemsherbachuk.Home-Exercise---AI-Powered";
				PRODUCT_NAME = "$(TARGET_NAME)";
				SWIFT_VERSION = 5.0;
				TARGETED_DEVICE_FAMILY = "1,2";
			};
			name = Debug;
		};
		8394475624E2A7EF00570D62 /* Release */ = {
			isa = XCBuildConfiguration;
			buildSettings = {
				ASSETCATALOG_COMPILER_APPICON_NAME = AppIcon;
				ASSETCATALOG_COMPILER_GLOBAL_ACCENT_COLOR_NAME = AccentColor;
				CODE_SIGN_STYLE = Automatic;
				DEVELOPMENT_TEAM = UM6N64B787;
				INFOPLIST_FILE = "Home Exercise - AI Powered/Info.plist";
				LD_RUNPATH_SEARCH_PATHS = (
					"$(inherited)",
					"@executable_path/Frameworks",
				);
				PRODUCT_BUNDLE_IDENTIFIER = "com.artemsherbachuk.Home-Exercise---AI-Powered";
				PRODUCT_NAME = "$(TARGET_NAME)";
				SWIFT_VERSION = 5.0;
				TARGETED_DEVICE_FAMILY = "1,2";
			};
			name = Release;
		};
/* End XCBuildConfiguration section */

/* Begin XCConfigurationList section */
		8394473B24E2A7EE00570D62 /* Build configuration list for PBXProject "Home Exercise - AI Powered" */ = {
			isa = XCConfigurationList;
			buildConfigurations = (
				8394475224E2A7EF00570D62 /* Debug */,
				8394475324E2A7EF00570D62 /* Release */,
			);
			defaultConfigurationIsVisible = 0;
			defaultConfigurationName = Release;
		};
		8394475424E2A7EF00570D62 /* Build configuration list for PBXNativeTarget "Home Exercise - AI Powered" */ = {
			isa = XCConfigurationList;
			buildConfigurations = (
				8394475524E2A7EF00570D62 /* Debug */,
				8394475624E2A7EF00570D62 /* Release */,
			);
			defaultConfigurationIsVisible = 0;
			defaultConfigurationName = Release;
		};
/* End XCConfigurationList section */
	};
	rootObject = 8394473824E2A7EE00570D62 /* Project object */;
}
